
Microsoft Visual Studio Solution File, Format Version 12.00
# Visual Studio 14
VisualStudioVersion = 14.0.25420.1
MinimumVisualStudioVersion = 10.0.40219.1
Project("{8BB2217D-0F2D-49D1-97BC-3654ED321F3B}") = "Channels.WebSockets", "src\Channels.WebSockets\Channels.WebSockets.xproj", "{B90564DF-6B7D-4520-BA22-8DD5D11DE9E9}"
EndProject
Project("{8BB2217D-0F2D-49D1-97BC-3654ED321F3B}") = "SampleServer", "src\SampleServer\SampleServer.xproj", "{7DEF38B6-284D-4060-8595-7123D8E56BBC}"
EndProject
Project("{2150E333-8FDC-42A3-9474-1A3956D46DE8}") = "Solution Items", "Solution Items", "{01200CD3-EAD9-4E69-964A-076F2879C594}"
	ProjectSection(SolutionItems) = preProject
		global.json = global.json
		NuGet.config = NuGet.config
	EndProjectSection
EndProject
Global
	GlobalSection(SolutionConfigurationPlatforms) = preSolution
		Debug|Any CPU = Debug|Any CPU
		Release|Any CPU = Release|Any CPU
	EndGlobalSection
	GlobalSection(ProjectConfigurationPlatforms) = postSolution
		{B90564DF-6B7D-4520-BA22-8DD5D11DE9E9}.Debug|Any CPU.ActiveCfg = Debug|Any CPU
		{B90564DF-6B7D-4520-BA22-8DD5D11DE9E9}.Debug|Any CPU.Build.0 = Debug|Any CPU
		{B90564DF-6B7D-4520-BA22-8DD5D11DE9E9}.Release|Any CPU.ActiveCfg = Release|Any CPU
		{B90564DF-6B7D-4520-BA22-8DD5D11DE9E9}.Release|Any CPU.Build.0 = Release|Any CPU
		{7DEF38B6-284D-4060-8595-7123D8E56BBC}.Debug|Any CPU.ActiveCfg = Debug|Any CPU
		{7DEF38B6-284D-4060-8595-7123D8E56BBC}.Debug|Any CPU.Build.0 = Debug|Any CPU
		{7DEF38B6-284D-4060-8595-7123D8E56BBC}.Release|Any CPU.ActiveCfg = Release|Any CPU
		{7DEF38B6-284D-4060-8595-7123D8E56BBC}.Release|Any CPU.Build.0 = Release|Any CPU
	EndGlobalSection
	GlobalSection(SolutionProperties) = preSolution
		HideSolutionNode = FALSE
	EndGlobalSection
EndGlobal
